
Microsoft Visual Studio Solution File, Format Version 12.00
# Visual Studio 2013
VisualStudioVersion = 12.0.21005.1
MinimumVisualStudioVersion = 10.0.40219.1
Project("{FAE04EC0-301F-11D3-BF4B-00C04F79EFBC}") = "SampleAppConsole", "SampleAppConsole\SampleAppConsole.csproj", "{A716DFD6-FB47-44BC-AD78-10218E870E24}"
EndProject
Project("{FAE04EC0-301F-11D3-BF4B-00C04F79EFBC}") = "SampleNSpecLib", "SampleNSpecLib\SampleNSpecLib.csproj", "{A377C3A6-2E83-49DF-B70F-9EE63C5D76F8}"
EndProject
Project("{2150E333-8FDC-42A3-9474-1A3956D46DE8}") = "RabbitMQ", "RabbitMQ", "{11D957F2-68B8-40C2-96B2-9CB0AA1FA055}"
EndProject
Project("{FAE04EC0-301F-11D3-BF4B-00C04F79EFBC}") = "SampleRabbitMQApp", "RabbitMQ\SampleRabbitMQApp\SampleRabbitMQApp.csproj", "{E5094655-A9BF-4FE1-B176-F2C75AC5A03D}"
EndProject
Project("{2150E333-8FDC-42A3-9474-1A3956D46DE8}") = "01_SimpleSendReceive", "01_SimpleSendReceive", "{21DD6762-0108-45E6-8A49-FCC11C45D478}"
EndProject
Project("{FAE04EC0-301F-11D3-BF4B-00C04F79EFBC}") = "Send", "RabbitMQ\01_SimpleSendReceive\Send\Send.csproj", "{0490BD55-4C3F-462F-9EB5-B2CB3F741AB8}"
EndProject
Project("{FAE04EC0-301F-11D3-BF4B-00C04F79EFBC}") = "Receive", "RabbitMQ\01_SimpleSendReceive\Receive\Receive.csproj", "{49634777-7320-4342-B053-D4C99062E8B4}"
EndProject
Project("{2150E333-8FDC-42A3-9474-1A3956D46DE8}") = "NServiceBus", "NServiceBus", "{AE4B73E8-01FD-47E8-A6A0-82F219081267}"
EndProject
Project("{2150E333-8FDC-42A3-9474-1A3956D46DE8}") = "Ordering", "Ordering", "{3CBF9A4D-2DDF-44FE-B986-63641BB333C6}"
EndProject
Project("{FAE04EC0-301F-11D3-BF4B-00C04F79EFBC}") = "Ordering.Client", "NServiceBus\Ordering\Ordering.Client\Ordering.Client.csproj", "{B16612F2-77A8-4857-BB2B-338AD262E5A9}"
EndProject
Project("{FAE04EC0-301F-11D3-BF4B-00C04F79EFBC}") = "Ordering.Messages", "NServiceBus\Ordering\Ordering.Messages\Ordering.Messages.csproj", "{9E79247E-AE95-42D4-907A-8AB7946254BE}"
EndProject
Project("{FAE04EC0-301F-11D3-BF4B-00C04F79EFBC}") = "Ordering.Server", "NServiceBus\Ordering\Ordering.Server\Ordering.Server.csproj", "{3F53D8CE-8B76-42AE-8C6B-2C853D4F8E46}"
EndProject
Project("{2150E333-8FDC-42A3-9474-1A3956D46DE8}") = ".nuget", ".nuget", "{B7D83339-F524-44F4-BBF2-A700AC268AE9}"
	ProjectSection(SolutionItems) = preProject
		.nuget\packages.config = .nuget\packages.config
	EndProjectSection
EndProject
Project("{2150E333-8FDC-42A3-9474-1A3956D46DE8}") = "MassTransit", "MassTransit", "{263A7F6B-0CEF-4DAB-8B88-7CED0A3CC824}"
EndProject
Project("{FAE04EC0-301F-11D3-BF4B-00C04F79EFBC}") = "LearningMT.OrderConsumer", "MassTransit\LearningMT.OrderConsumer\LearningMT.OrderConsumer.csproj", "{52925152-21EE-4E7D-8BC2-EED11F5D2CC0}"
EndProject
Project("{FAE04EC0-301F-11D3-BF4B-00C04F79EFBC}") = "LearningMT.OrderConsumerTests", "MassTransit\LearningMT.OrderConsumerTests\LearningMT.OrderConsumerTests.csproj", "{408B8217-41D5-43D5-897F-09A46F82A194}"
EndProject
Global
	GlobalSection(SolutionConfigurationPlatforms) = preSolution
		Debug|Any CPU = Debug|Any CPU
		Release|Any CPU = Release|Any CPU
	EndGlobalSection
	GlobalSection(ProjectConfigurationPlatforms) = postSolution
		{A716DFD6-FB47-44BC-AD78-10218E870E24}.Debug|Any CPU.ActiveCfg = Debug|Any CPU
		{A716DFD6-FB47-44BC-AD78-10218E870E24}.Debug|Any CPU.Build.0 = Debug|Any CPU
		{A716DFD6-FB47-44BC-AD78-10218E870E24}.Release|Any CPU.ActiveCfg = Release|Any CPU
		{A716DFD6-FB47-44BC-AD78-10218E870E24}.Release|Any CPU.Build.0 = Release|Any CPU
		{A377C3A6-2E83-49DF-B70F-9EE63C5D76F8}.Debug|Any CPU.ActiveCfg = Debug|Any CPU
		{A377C3A6-2E83-49DF-B70F-9EE63C5D76F8}.Debug|Any CPU.Build.0 = Debug|Any CPU
		{A377C3A6-2E83-49DF-B70F-9EE63C5D76F8}.Release|Any CPU.ActiveCfg = Release|Any CPU
		{A377C3A6-2E83-49DF-B70F-9EE63C5D76F8}.Release|Any CPU.Build.0 = Release|Any CPU
		{E5094655-A9BF-4FE1-B176-F2C75AC5A03D}.Debug|Any CPU.ActiveCfg = Debug|Any CPU
		{E5094655-A9BF-4FE1-B176-F2C75AC5A03D}.Debug|Any CPU.Build.0 = Debug|Any CPU
		{E5094655-A9BF-4FE1-B176-F2C75AC5A03D}.Release|Any CPU.ActiveCfg = Release|Any CPU
		{E5094655-A9BF-4FE1-B176-F2C75AC5A03D}.Release|Any CPU.Build.0 = Release|Any CPU
		{0490BD55-4C3F-462F-9EB5-B2CB3F741AB8}.Debug|Any CPU.ActiveCfg = Debug|Any CPU
		{0490BD55-4C3F-462F-9EB5-B2CB3F741AB8}.Debug|Any CPU.Build.0 = Debug|Any CPU
		{0490BD55-4C3F-462F-9EB5-B2CB3F741AB8}.Release|Any CPU.ActiveCfg = Release|Any CPU
		{0490BD55-4C3F-462F-9EB5-B2CB3F741AB8}.Release|Any CPU.Build.0 = Release|Any CPU
		{49634777-7320-4342-B053-D4C99062E8B4}.Debug|Any CPU.ActiveCfg = Debug|Any CPU
		{49634777-7320-4342-B053-D4C99062E8B4}.Debug|Any CPU.Build.0 = Debug|Any CPU
		{49634777-7320-4342-B053-D4C99062E8B4}.Release|Any CPU.ActiveCfg = Release|Any CPU
		{49634777-7320-4342-B053-D4C99062E8B4}.Release|Any CPU.Build.0 = Release|Any CPU
		{B16612F2-77A8-4857-BB2B-338AD262E5A9}.Debug|Any CPU.ActiveCfg = Debug|Any CPU
		{B16612F2-77A8-4857-BB2B-338AD262E5A9}.Debug|Any CPU.Build.0 = Debug|Any CPU
		{B16612F2-77A8-4857-BB2B-338AD262E5A9}.Release|Any CPU.ActiveCfg = Release|Any CPU
		{B16612F2-77A8-4857-BB2B-338AD262E5A9}.Release|Any CPU.Build.0 = Release|Any CPU
		{9E79247E-AE95-42D4-907A-8AB7946254BE}.Debug|Any CPU.ActiveCfg = Debug|Any CPU
		{9E79247E-AE95-42D4-907A-8AB7946254BE}.Debug|Any CPU.Build.0 = Debug|Any CPU
		{9E79247E-AE95-42D4-907A-8AB7946254BE}.Release|Any CPU.ActiveCfg = Release|Any CPU
		{9E79247E-AE95-42D4-907A-8AB7946254BE}.Release|Any CPU.Build.0 = Release|Any CPU
		{3F53D8CE-8B76-42AE-8C6B-2C853D4F8E46}.Debug|Any CPU.ActiveCfg = Debug|Any CPU
		{3F53D8CE-8B76-42AE-8C6B-2C853D4F8E46}.Debug|Any CPU.Build.0 = Debug|Any CPU
		{3F53D8CE-8B76-42AE-8C6B-2C853D4F8E46}.Release|Any CPU.ActiveCfg = Release|Any CPU
		{3F53D8CE-8B76-42AE-8C6B-2C853D4F8E46}.Release|Any CPU.Build.0 = Release|Any CPU
		{52925152-21EE-4E7D-8BC2-EED11F5D2CC0}.Debug|Any CPU.ActiveCfg = Debug|Any CPU
		{52925152-21EE-4E7D-8BC2-EED11F5D2CC0}.Debug|Any CPU.Build.0 = Debug|Any CPU
		{52925152-21EE-4E7D-8BC2-EED11F5D2CC0}.Release|Any CPU.ActiveCfg = Release|Any CPU
		{52925152-21EE-4E7D-8BC2-EED11F5D2CC0}.Release|Any CPU.Build.0 = Release|Any CPU
		{408B8217-41D5-43D5-897F-09A46F82A194}.Debug|Any CPU.ActiveCfg = Debug|Any CPU
		{408B8217-41D5-43D5-897F-09A46F82A194}.Debug|Any CPU.Build.0 = Debug|Any CPU
		{408B8217-41D5-43D5-897F-09A46F82A194}.Release|Any CPU.ActiveCfg = Release|Any CPU
		{408B8217-41D5-43D5-897F-09A46F82A194}.Release|Any CPU.Build.0 = Release|Any CPU
	EndGlobalSection
	GlobalSection(SolutionProperties) = preSolution
		HideSolutionNode = FALSE
	EndGlobalSection
	GlobalSection(NestedProjects) = preSolution
		{E5094655-A9BF-4FE1-B176-F2C75AC5A03D} = {11D957F2-68B8-40C2-96B2-9CB0AA1FA055}
		{21DD6762-0108-45E6-8A49-FCC11C45D478} = {11D957F2-68B8-40C2-96B2-9CB0AA1FA055}
		{0490BD55-4C3F-462F-9EB5-B2CB3F741AB8} = {21DD6762-0108-45E6-8A49-FCC11C45D478}
		{49634777-7320-4342-B053-D4C99062E8B4} = {21DD6762-0108-45E6-8A49-FCC11C45D478}
		{3CBF9A4D-2DDF-44FE-B986-63641BB333C6} = {AE4B73E8-01FD-47E8-A6A0-82F219081267}
		{B16612F2-77A8-4857-BB2B-338AD262E5A9} = {3CBF9A4D-2DDF-44FE-B986-63641BB333C6}
		{9E79247E-AE95-42D4-907A-8AB7946254BE} = {3CBF9A4D-2DDF-44FE-B986-63641BB333C6}
		{3F53D8CE-8B76-42AE-8C6B-2C853D4F8E46} = {3CBF9A4D-2DDF-44FE-B986-63641BB333C6}
		{52925152-21EE-4E7D-8BC2-EED11F5D2CC0} = {263A7F6B-0CEF-4DAB-8B88-7CED0A3CC824}
		{408B8217-41D5-43D5-897F-09A46F82A194} = {263A7F6B-0CEF-4DAB-8B88-7CED0A3CC824}
	EndGlobalSection
EndGlobal
